
Microsoft Visual Studio Solution File, Format Version 12.00
# Visual Studio 15
VisualStudioVersion = 15.0.28010.2036
MinimumVisualStudioVersion = 10.0.40219.1
Project("{FAE04EC0-301F-11D3-BF4B-00C04F79EFBC}") = "Group 4", "Group 4.csproj", "{0282B003-68E9-4E9B-B7B3-95E4BA13584E}"
EndProject
Global
	GlobalSection(SolutionConfigurationPlatforms) = preSolution
		Debug|Any CPU = Debug|Any CPU
		Release|Any CPU = Release|Any CPU
	EndGlobalSection
	GlobalSection(ProjectConfigurationPlatforms) = postSolution
		{0282B003-68E9-4E9B-B7B3-95E4BA13584E}.Debug|Any CPU.ActiveCfg = Debug|Any CPU
		{0282B003-68E9-4E9B-B7B3-95E4BA13584E}.Debug|Any CPU.Build.0 = Debug|Any CPU
		{0282B003-68E9-4E9B-B7B3-95E4BA13584E}.Release|Any CPU.ActiveCfg = Release|Any CPU
		{0282B003-68E9-4E9B-B7B3-95E4BA13584E}.Release|Any CPU.Build.0 = Release|Any CPU
	EndGlobalSection
	GlobalSection(SolutionProperties) = preSolution
		HideSolutionNode = FALSE
	EndGlobalSection
	GlobalSection(ExtensibilityGlobals) = postSolution
		SolutionGuid = {D2D8679E-5FF1-4EB6-8147-4B06E720A00C}
	EndGlobalSection
EndGlobal
